// !$*UTF8*$!
{
	archiveVersion = 1;
	classes = {
	};
	objectVersion = 56;
	objects = {

/* Begin PBXBuildFile section */
		D6C64CAA2C25D2AB009FBDCA /* SygicCaseStudyApp.swift in Sources */ = {isa = PBXBuildFile; fileRef = D6C64CA92C25D2AB009FBDCA /* SygicCaseStudyApp.swift */; };
		D6C64CAC2C25D2AB009FBDCA /* LoginView.swift in Sources */ = {isa = PBXBuildFile; fileRef = D6C64CAB2C25D2AB009FBDCA /* LoginView.swift */; };
		D6C64CAE2C25D2AD009FBDCA /* Assets.xcassets in Resources */ = {isa = PBXBuildFile; fileRef = D6C64CAD2C25D2AD009FBDCA /* Assets.xcassets */; };
		D6C64CB12C25D2AD009FBDCA /* Preview Assets.xcassets in Resources */ = {isa = PBXBuildFile; fileRef = D6C64CB02C25D2AD009FBDCA /* Preview Assets.xcassets */; };
		D6C64CB92C25D6F0009FBDCA /* GoogleSignIn in Frameworks */ = {isa = PBXBuildFile; productRef = D6C64CB82C25D6F0009FBDCA /* GoogleSignIn */; };
		D6C64CBB2C25D6F0009FBDCA /* GoogleSignInSwift in Frameworks */ = {isa = PBXBuildFile; productRef = D6C64CBA2C25D6F0009FBDCA /* GoogleSignInSwift */; };
		D6C64CBD2C25D74D009FBDCA /* credentials.plist in Resources */ = {isa = PBXBuildFile; fileRef = D6C64CBC2C25D74D009FBDCA /* credentials.plist */; };
		D6C64CC12C25EA68009FBDCA /* RootCoordinator.swift in Sources */ = {isa = PBXBuildFile; fileRef = D6C64CC02C25EA68009FBDCA /* RootCoordinator.swift */; };
		D6C64CC32C25EAE7009FBDCA /* RootContentView.swift in Sources */ = {isa = PBXBuildFile; fileRef = D6C64CC22C25EAE6009FBDCA /* RootContentView.swift */; };
		D6C64CC72C25EB9D009FBDCA /* InitialView.swift in Sources */ = {isa = PBXBuildFile; fileRef = D6C64CC62C25EB9D009FBDCA /* InitialView.swift */; };
		D6C64CC92C25EBC4009FBDCA /* InitialViewModel.swift in Sources */ = {isa = PBXBuildFile; fileRef = D6C64CC82C25EBC4009FBDCA /* InitialViewModel.swift */; };
		D6C64CCB2C25EC58009FBDCA /* LoginViewModel.swift in Sources */ = {isa = PBXBuildFile; fileRef = D6C64CCA2C25EC58009FBDCA /* LoginViewModel.swift */; };
		D6C64CCF2C25EE0D009FBDCA /* DashboardContentView.swift in Sources */ = {isa = PBXBuildFile; fileRef = D6C64CCE2C25EE0D009FBDCA /* DashboardContentView.swift */; };
		D6C64CD32C2616D4009FBDCA /* AccountView.swift in Sources */ = {isa = PBXBuildFile; fileRef = D6C64CD22C2616D4009FBDCA /* AccountView.swift */; };
		D6C64CD52C2616DB009FBDCA /* AccountViewModel.swift in Sources */ = {isa = PBXBuildFile; fileRef = D6C64CD42C2616DB009FBDCA /* AccountViewModel.swift */; };
		D6C64CDA2C26202E009FBDCA /* AppBackground.swift in Sources */ = {isa = PBXBuildFile; fileRef = D6C64CD92C26202E009FBDCA /* AppBackground.swift */; };
		D6C64CE22C26EEF0009FBDCA /* MasterView.swift in Sources */ = {isa = PBXBuildFile; fileRef = D6C64CE12C26EEF0009FBDCA /* MasterView.swift */; };
		D6C64CE42C26EF40009FBDCA /* MasterViewModel.swift in Sources */ = {isa = PBXBuildFile; fileRef = D6C64CE32C26EF40009FBDCA /* MasterViewModel.swift */; };
		D6C64CE62C26F428009FBDCA /* DashboardCoordinator.swift in Sources */ = {isa = PBXBuildFile; fileRef = D6C64CE52C26F428009FBDCA /* DashboardCoordinator.swift */; };
		D6C64CEA2C26F71B009FBDCA /* NetworkingService.swift in Sources */ = {isa = PBXBuildFile; fileRef = D6C64CE92C26F71B009FBDCA /* NetworkingService.swift */; };
		D6C64CF12C27028F009FBDCA /* YoutubeEndpoint.swift in Sources */ = {isa = PBXBuildFile; fileRef = D6C64CF02C27028F009FBDCA /* YoutubeEndpoint.swift */; };
		D6C64CF32C270617009FBDCA /* NetworkError.swift in Sources */ = {isa = PBXBuildFile; fileRef = D6C64CF22C270617009FBDCA /* NetworkError.swift */; };
		D6C64CF52C270885009FBDCA /* SubscriptionsResponse.swift in Sources */ = {isa = PBXBuildFile; fileRef = D6C64CF42C270885009FBDCA /* SubscriptionsResponse.swift */; };
		D6C64CF82C2725E4009FBDCA /* Sequence + Extensions.swift in Sources */ = {isa = PBXBuildFile; fileRef = D6C64CF72C2725E4009FBDCA /* Sequence + Extensions.swift */; };
		D6C64CFD2C272AE5009FBDCA /* DetailView.swift in Sources */ = {isa = PBXBuildFile; fileRef = D6C64CFC2C272AE5009FBDCA /* DetailView.swift */; };
		D6C64CFF2C272AED009FBDCA /* DetailViewModel.swift in Sources */ = {isa = PBXBuildFile; fileRef = D6C64CFE2C272AED009FBDCA /* DetailViewModel.swift */; };
		D6C64D012C272F47009FBDCA /* SortType.swift in Sources */ = {isa = PBXBuildFile; fileRef = D6C64D002C272F47009FBDCA /* SortType.swift */; };
		D6C64D042C2731D7009FBDCA /* LoadingView.swift in Sources */ = {isa = PBXBuildFile; fileRef = D6C64D032C2731D7009FBDCA /* LoadingView.swift */; };
		D6C64D062C273E10009FBDCA /* DateFormatter + Extension.swift in Sources */ = {isa = PBXBuildFile; fileRef = D6C64D052C273E10009FBDCA /* DateFormatter + Extension.swift */; };
		D6C64D0A2C283524009FBDCA /* Image + Extensions.swift in Sources */ = {isa = PBXBuildFile; fileRef = D6C64D092C283524009FBDCA /* Image + Extensions.swift */; };
/* End PBXBuildFile section */

/* Begin PBXFileReference section */
		D6C64CA62C25D2AB009FBDCA /* SygicCaseStudy.app */ = {isa = PBXFileReference; explicitFileType = wrapper.application; includeInIndex = 0; path = SygicCaseStudy.app; sourceTree = BUILT_PRODUCTS_DIR; };
		D6C64CA92C25D2AB009FBDCA /* SygicCaseStudyApp.swift */ = {isa = PBXFileReference; lastKnownFileType = sourcecode.swift; path = SygicCaseStudyApp.swift; sourceTree = "<group>"; };
		D6C64CAB2C25D2AB009FBDCA /* LoginView.swift */ = {isa = PBXFileReference; lastKnownFileType = sourcecode.swift; path = LoginView.swift; sourceTree = "<group>"; };
		D6C64CAD2C25D2AD009FBDCA /* Assets.xcassets */ = {isa = PBXFileReference; lastKnownFileType = folder.assetcatalog; path = Assets.xcassets; sourceTree = "<group>"; };
		D6C64CB02C25D2AD009FBDCA /* Preview Assets.xcassets */ = {isa = PBXFileReference; lastKnownFileType = folder.assetcatalog; path = "Preview Assets.xcassets"; sourceTree = "<group>"; };
		D6C64CBC2C25D74D009FBDCA /* credentials.plist */ = {isa = PBXFileReference; fileEncoding = 4; lastKnownFileType = text.plist.xml; path = credentials.plist; sourceTree = "<group>"; };
		D6C64CBE2C25DB2F009FBDCA /* Info.plist */ = {isa = PBXFileReference; lastKnownFileType = text.plist; path = Info.plist; sourceTree = "<group>"; };
		D6C64CC02C25EA68009FBDCA /* RootCoordinator.swift */ = {isa = PBXFileReference; lastKnownFileType = sourcecode.swift; path = RootCoordinator.swift; sourceTree = "<group>"; };
		D6C64CC22C25EAE6009FBDCA /* RootContentView.swift */ = {isa = PBXFileReference; lastKnownFileType = sourcecode.swift; path = RootContentView.swift; sourceTree = "<group>"; };
		D6C64CC62C25EB9D009FBDCA /* InitialView.swift */ = {isa = PBXFileReference; lastKnownFileType = sourcecode.swift; path = InitialView.swift; sourceTree = "<group>"; };
		D6C64CC82C25EBC4009FBDCA /* InitialViewModel.swift */ = {isa = PBXFileReference; lastKnownFileType = sourcecode.swift; path = InitialViewModel.swift; sourceTree = "<group>"; };
		D6C64CCA2C25EC58009FBDCA /* LoginViewModel.swift */ = {isa = PBXFileReference; lastKnownFileType = sourcecode.swift; path = LoginViewModel.swift; sourceTree = "<group>"; };
		D6C64CCE2C25EE0D009FBDCA /* DashboardContentView.swift */ = {isa = PBXFileReference; lastKnownFileType = sourcecode.swift; path = DashboardContentView.swift; sourceTree = "<group>"; };
		D6C64CD22C2616D4009FBDCA /* AccountView.swift */ = {isa = PBXFileReference; lastKnownFileType = sourcecode.swift; path = AccountView.swift; sourceTree = "<group>"; };
		D6C64CD42C2616DB009FBDCA /* AccountViewModel.swift */ = {isa = PBXFileReference; lastKnownFileType = sourcecode.swift; path = AccountViewModel.swift; sourceTree = "<group>"; };
		D6C64CD92C26202E009FBDCA /* AppBackground.swift */ = {isa = PBXFileReference; lastKnownFileType = sourcecode.swift; path = AppBackground.swift; sourceTree = "<group>"; };
		D6C64CE12C26EEF0009FBDCA /* MasterView.swift */ = {isa = PBXFileReference; lastKnownFileType = sourcecode.swift; path = MasterView.swift; sourceTree = "<group>"; };
		D6C64CE32C26EF40009FBDCA /* MasterViewModel.swift */ = {isa = PBXFileReference; lastKnownFileType = sourcecode.swift; path = MasterViewModel.swift; sourceTree = "<group>"; };
		D6C64CE52C26F428009FBDCA /* DashboardCoordinator.swift */ = {isa = PBXFileReference; lastKnownFileType = sourcecode.swift; path = DashboardCoordinator.swift; sourceTree = "<group>"; };
		D6C64CE92C26F71B009FBDCA /* NetworkingService.swift */ = {isa = PBXFileReference; lastKnownFileType = sourcecode.swift; path = NetworkingService.swift; sourceTree = "<group>"; };
		D6C64CF02C27028F009FBDCA /* YoutubeEndpoint.swift */ = {isa = PBXFileReference; lastKnownFileType = sourcecode.swift; path = YoutubeEndpoint.swift; sourceTree = "<group>"; };
		D6C64CF22C270617009FBDCA /* NetworkError.swift */ = {isa = PBXFileReference; lastKnownFileType = sourcecode.swift; path = NetworkError.swift; sourceTree = "<group>"; };
		D6C64CF42C270885009FBDCA /* SubscriptionsResponse.swift */ = {isa = PBXFileReference; lastKnownFileType = sourcecode.swift; path = SubscriptionsResponse.swift; sourceTree = "<group>"; };
		D6C64CF72C2725E4009FBDCA /* Sequence + Extensions.swift */ = {isa = PBXFileReference; lastKnownFileType = sourcecode.swift; path = "Sequence + Extensions.swift"; sourceTree = "<group>"; };
		D6C64CFC2C272AE5009FBDCA /* DetailView.swift */ = {isa = PBXFileReference; lastKnownFileType = sourcecode.swift; path = DetailView.swift; sourceTree = "<group>"; };
		D6C64CFE2C272AED009FBDCA /* DetailViewModel.swift */ = {isa = PBXFileReference; lastKnownFileType = sourcecode.swift; path = DetailViewModel.swift; sourceTree = "<group>"; };
		D6C64D002C272F47009FBDCA /* SortType.swift */ = {isa = PBXFileReference; lastKnownFileType = sourcecode.swift; path = SortType.swift; sourceTree = "<group>"; };
		D6C64D032C2731D7009FBDCA /* LoadingView.swift */ = {isa = PBXFileReference; lastKnownFileType = sourcecode.swift; path = LoadingView.swift; sourceTree = "<group>"; };
		D6C64D052C273E10009FBDCA /* DateFormatter + Extension.swift */ = {isa = PBXFileReference; lastKnownFileType = sourcecode.swift; path = "DateFormatter + Extension.swift"; sourceTree = "<group>"; };
		D6C64D092C283524009FBDCA /* Image + Extensions.swift */ = {isa = PBXFileReference; lastKnownFileType = sourcecode.swift; path = "Image + Extensions.swift"; sourceTree = "<group>"; };
/* End PBXFileReference section */

/* Begin PBXFrameworksBuildPhase section */
		D6C64CA32C25D2AB009FBDCA /* Frameworks */ = {
			isa = PBXFrameworksBuildPhase;
			buildActionMask = 2147483647;
			files = (
				D6C64CB92C25D6F0009FBDCA /* GoogleSignIn in Frameworks */,
				D6C64CBB2C25D6F0009FBDCA /* GoogleSignInSwift in Frameworks */,
			);
			runOnlyForDeploymentPostprocessing = 0;
		};
/* End PBXFrameworksBuildPhase section */

/* Begin PBXGroup section */
		D6C64C9D2C25D2AB009FBDCA = {
			isa = PBXGroup;
			children = (
				D6C64CA82C25D2AB009FBDCA /* SygicCaseStudy */,
				D6C64CA72C25D2AB009FBDCA /* Products */,
			);
			sourceTree = "<group>";
		};
		D6C64CA72C25D2AB009FBDCA /* Products */ = {
			isa = PBXGroup;
			children = (
				D6C64CA62C25D2AB009FBDCA /* SygicCaseStudy.app */,
			);
			name = Products;
			sourceTree = "<group>";
		};
		D6C64CA82C25D2AB009FBDCA /* SygicCaseStudy */ = {
			isa = PBXGroup;
			children = (
				D6C64CF62C2725DA009FBDCA /* Extensions */,
				D6C64CE82C26F712009FBDCA /* Services */,
				D6C64CD82C262025009FBDCA /* CommonViews */,
				D6C64CE72C26F702009FBDCA /* Scenes */,
				D6C64CA92C25D2AB009FBDCA /* SygicCaseStudyApp.swift */,
				D6C64CBC2C25D74D009FBDCA /* credentials.plist */,
				D6C64CBE2C25DB2F009FBDCA /* Info.plist */,
				D6C64CAD2C25D2AD009FBDCA /* Assets.xcassets */,
				D6C64CAF2C25D2AD009FBDCA /* Preview Content */,
			);
			path = SygicCaseStudy;
			sourceTree = "<group>";
		};
		D6C64CAF2C25D2AD009FBDCA /* Preview Content */ = {
			isa = PBXGroup;
			children = (
				D6C64CB02C25D2AD009FBDCA /* Preview Assets.xcassets */,
			);
			path = "Preview Content";
			sourceTree = "<group>";
		};
		D6C64CBF2C25EA60009FBDCA /* Root */ = {
			isa = PBXGroup;
			children = (
				D6C64CC02C25EA68009FBDCA /* RootCoordinator.swift */,
				D6C64CC22C25EAE6009FBDCA /* RootContentView.swift */,
			);
			path = Root;
			sourceTree = "<group>";
		};
		D6C64CC42C25EB64009FBDCA /* Login */ = {
			isa = PBXGroup;
			children = (
				D6C64CAB2C25D2AB009FBDCA /* LoginView.swift */,
				D6C64CCA2C25EC58009FBDCA /* LoginViewModel.swift */,
			);
			path = Login;
			sourceTree = "<group>";
		};
		D6C64CC52C25EB91009FBDCA /* InitialView */ = {
			isa = PBXGroup;
			children = (
				D6C64CC62C25EB9D009FBDCA /* InitialView.swift */,
				D6C64CC82C25EBC4009FBDCA /* InitialViewModel.swift */,
			);
			path = InitialView;
			sourceTree = "<group>";
		};
		D6C64CD02C2609E3009FBDCA /* Dashboard */ = {
			isa = PBXGroup;
			children = (
				D6C64CCE2C25EE0D009FBDCA /* DashboardContentView.swift */,
				D6C64CE52C26F428009FBDCA /* DashboardCoordinator.swift */,
			);
			path = Dashboard;
			sourceTree = "<group>";
		};
		D6C64CD12C2616C7009FBDCA /* AccountView */ = {
			isa = PBXGroup;
			children = (
				D6C64CD22C2616D4009FBDCA /* AccountView.swift */,
				D6C64CD42C2616DB009FBDCA /* AccountViewModel.swift */,
			);
			path = AccountView;
			sourceTree = "<group>";
		};
		D6C64CD82C262025009FBDCA /* CommonViews */ = {
			isa = PBXGroup;
			children = (
				D6C64CD92C26202E009FBDCA /* AppBackground.swift */,
				D6C64D032C2731D7009FBDCA /* LoadingView.swift */,
			);
			path = CommonViews;
			sourceTree = "<group>";
		};
		D6C64CDE2C26EEDD009FBDCA /* MasterView */ = {
			isa = PBXGroup;
			children = (
				D6C64D022C272FBB009FBDCA /* Model */,
				D6C64CE12C26EEF0009FBDCA /* MasterView.swift */,
				D6C64CE32C26EF40009FBDCA /* MasterViewModel.swift */,
			);
			path = MasterView;
			sourceTree = "<group>";
		};
		D6C64CE72C26F702009FBDCA /* Scenes */ = {
			isa = PBXGroup;
			children = (
				D6C64CBF2C25EA60009FBDCA /* Root */,
				D6C64CC52C25EB91009FBDCA /* InitialView */,
				D6C64CC42C25EB64009FBDCA /* Login */,
				D6C64CD02C2609E3009FBDCA /* Dashboard */,
				D6C64CD12C2616C7009FBDCA /* AccountView */,
				D6C64CDE2C26EEDD009FBDCA /* MasterView */,
				D6C64CFB2C272AD6009FBDCA /* DetailView */,
			);
			path = Scenes;
			sourceTree = "<group>";
		};
		D6C64CE82C26F712009FBDCA /* Services */ = {
			isa = PBXGroup;
			children = (
				D6C64CEE2C270231009FBDCA /* Model */,
				D6C64CE92C26F71B009FBDCA /* NetworkingService.swift */,
			);
			path = Services;
			sourceTree = "<group>";
		};
		D6C64CEE2C270231009FBDCA /* Model */ = {
			isa = PBXGroup;
			children = (
				D6C64CF22C270617009FBDCA /* NetworkError.swift */,
				D6C64CF02C27028F009FBDCA /* YoutubeEndpoint.swift */,
				D6C64CF42C270885009FBDCA /* SubscriptionsResponse.swift */,
			);
			path = Model;
			sourceTree = "<group>";
		};
		D6C64CF62C2725DA009FBDCA /* Extensions */ = {
			isa = PBXGroup;
			children = (
				D6C64CF72C2725E4009FBDCA /* Sequence + Extensions.swift */,
				D6C64D052C273E10009FBDCA /* DateFormatter + Extension.swift */,
				D6C64D092C283524009FBDCA /* Image + Extensions.swift */,
			);
			path = Extensions;
			sourceTree = "<group>";
		};
		D6C64CFB2C272AD6009FBDCA /* DetailView */ = {
			isa = PBXGroup;
			children = (
				D6C64CFC2C272AE5009FBDCA /* DetailView.swift */,
				D6C64CFE2C272AED009FBDCA /* DetailViewModel.swift */,
			);
			path = DetailView;
			sourceTree = "<group>";
		};
		D6C64D022C272FBB009FBDCA /* Model */ = {
			isa = PBXGroup;
			children = (
				D6C64D002C272F47009FBDCA /* SortType.swift */,
			);
			path = Model;
			sourceTree = "<group>";
		};
/* End PBXGroup section */

/* Begin PBXNativeTarget section */
		D6C64CA52C25D2AB009FBDCA /* SygicCaseStudy */ = {
			isa = PBXNativeTarget;
			buildConfigurationList = D6C64CB42C25D2AD009FBDCA /* Build configuration list for PBXNativeTarget "SygicCaseStudy" */;
			buildPhases = (
				D6C64CA22C25D2AB009FBDCA /* Sources */,
				D6C64CA32C25D2AB009FBDCA /* Frameworks */,
				D6C64CA42C25D2AB009FBDCA /* Resources */,
			);
			buildRules = (
			);
			dependencies = (
			);
			name = SygicCaseStudy;
			packageProductDependencies = (
				D6C64CB82C25D6F0009FBDCA /* GoogleSignIn */,
				D6C64CBA2C25D6F0009FBDCA /* GoogleSignInSwift */,
			);
			productName = SygicCaseStudy;
			productReference = D6C64CA62C25D2AB009FBDCA /* SygicCaseStudy.app */;
			productType = "com.apple.product-type.application";
		};
/* End PBXNativeTarget section */

/* Begin PBXProject section */
		D6C64C9E2C25D2AB009FBDCA /* Project object */ = {
			isa = PBXProject;
			attributes = {
				BuildIndependentTargetsInParallel = 1;
				LastSwiftUpdateCheck = 1500;
				LastUpgradeCheck = 1500;
				TargetAttributes = {
					D6C64CA52C25D2AB009FBDCA = {
						CreatedOnToolsVersion = 15.0;
					};
				};
			};
			buildConfigurationList = D6C64CA12C25D2AB009FBDCA /* Build configuration list for PBXProject "SygicCaseStudy" */;
			compatibilityVersion = "Xcode 14.0";
			developmentRegion = en;
			hasScannedForEncodings = 0;
			knownRegions = (
				en,
				Base,
			);
			mainGroup = D6C64C9D2C25D2AB009FBDCA;
			packageReferences = (
				D6C64CB72C25D6F0009FBDCA /* XCRemoteSwiftPackageReference "GoogleSignIn-iOS" */,
			);
			productRefGroup = D6C64CA72C25D2AB009FBDCA /* Products */;
			projectDirPath = "";
			projectRoot = "";
			targets = (
				D6C64CA52C25D2AB009FBDCA /* SygicCaseStudy */,
			);
		};
/* End PBXProject section */

/* Begin PBXResourcesBuildPhase section */
		D6C64CA42C25D2AB009FBDCA /* Resources */ = {
			isa = PBXResourcesBuildPhase;
			buildActionMask = 2147483647;
			files = (
				D6C64CB12C25D2AD009FBDCA /* Preview Assets.xcassets in Resources */,
				D6C64CBD2C25D74D009FBDCA /* credentials.plist in Resources */,
				D6C64CAE2C25D2AD009FBDCA /* Assets.xcassets in Resources */,
			);
			runOnlyForDeploymentPostprocessing = 0;
		};
/* End PBXResourcesBuildPhase section */

/* Begin PBXSourcesBuildPhase section */
		D6C64CA22C25D2AB009FBDCA /* Sources */ = {
			isa = PBXSourcesBuildPhase;
			buildActionMask = 2147483647;
			files = (
				D6C64CF32C270617009FBDCA /* NetworkError.swift in Sources */,
				D6C64CEA2C26F71B009FBDCA /* NetworkingService.swift in Sources */,
				D6C64D062C273E10009FBDCA /* DateFormatter + Extension.swift in Sources */,
				D6C64CF82C2725E4009FBDCA /* Sequence + Extensions.swift in Sources */,
				D6C64CE42C26EF40009FBDCA /* MasterViewModel.swift in Sources */,
				D6C64CCF2C25EE0D009FBDCA /* DashboardContentView.swift in Sources */,
				D6C64CAC2C25D2AB009FBDCA /* LoginView.swift in Sources */,
				D6C64CF52C270885009FBDCA /* SubscriptionsResponse.swift in Sources */,
				D6C64CC32C25EAE7009FBDCA /* RootContentView.swift in Sources */,
				D6C64CD52C2616DB009FBDCA /* AccountViewModel.swift in Sources */,
				D6C64D012C272F47009FBDCA /* SortType.swift in Sources */,
				D6C64CAA2C25D2AB009FBDCA /* SygicCaseStudyApp.swift in Sources */,
				D6C64CC12C25EA68009FBDCA /* RootCoordinator.swift in Sources */,
				D6C64CC92C25EBC4009FBDCA /* InitialViewModel.swift in Sources */,
				D6C64CE22C26EEF0009FBDCA /* MasterView.swift in Sources */,
				D6C64CFD2C272AE5009FBDCA /* DetailView.swift in Sources */,
				D6C64CD32C2616D4009FBDCA /* AccountView.swift in Sources */,
				D6C64D0A2C283524009FBDCA /* Image + Extensions.swift in Sources */,
				D6C64CDA2C26202E009FBDCA /* AppBackground.swift in Sources */,
				D6C64CFF2C272AED009FBDCA /* DetailViewModel.swift in Sources */,
				D6C64CC72C25EB9D009FBDCA /* InitialView.swift in Sources */,
				D6C64CCB2C25EC58009FBDCA /* LoginViewModel.swift in Sources */,
				D6C64CF12C27028F009FBDCA /* YoutubeEndpoint.swift in Sources */,
				D6C64CE62C26F428009FBDCA /* DashboardCoordinator.swift in Sources */,
				D6C64D042C2731D7009FBDCA /* LoadingView.swift in Sources */,
			);
			runOnlyForDeploymentPostprocessing = 0;
		};
/* End PBXSourcesBuildPhase section */

/* Begin XCBuildConfiguration section */
		D6C64CB22C25D2AD009FBDCA /* Debug */ = {
			isa = XCBuildConfiguration;
			buildSettings = {
				ALWAYS_SEARCH_USER_PATHS = NO;
				ASSETCATALOG_COMPILER_GENERATE_SWIFT_ASSET_SYMBOL_EXTENSIONS = YES;
				CLANG_ANALYZER_NONNULL = YES;
				CLANG_ANALYZER_NUMBER_OBJECT_CONVERSION = YES_AGGRESSIVE;
				CLANG_CXX_LANGUAGE_STANDARD = "gnu++20";
				CLANG_ENABLE_MODULES = YES;
				CLANG_ENABLE_OBJC_ARC = YES;
				CLANG_ENABLE_OBJC_WEAK = YES;
				CLANG_WARN_BLOCK_CAPTURE_AUTORELEASING = YES;
				CLANG_WARN_BOOL_CONVERSION = YES;
				CLANG_WARN_COMMA = YES;
				CLANG_WARN_CONSTANT_CONVERSION = YES;
				CLANG_WARN_DEPRECATED_OBJC_IMPLEMENTATIONS = YES;
				CLANG_WARN_DIRECT_OBJC_ISA_USAGE = YES_ERROR;
				CLANG_WARN_DOCUMENTATION_COMMENTS = YES;
				CLANG_WARN_EMPTY_BODY = YES;
				CLANG_WARN_ENUM_CONVERSION = YES;
				CLANG_WARN_INFINITE_RECURSION = YES;
				CLANG_WARN_INT_CONVERSION = YES;
				CLANG_WARN_NON_LITERAL_NULL_CONVERSION = YES;
				CLANG_WARN_OBJC_IMPLICIT_RETAIN_SELF = YES;
				CLANG_WARN_OBJC_LITERAL_CONVERSION = YES;
				CLANG_WARN_OBJC_ROOT_CLASS = YES_ERROR;
				CLANG_WARN_QUOTED_INCLUDE_IN_FRAMEWORK_HEADER = YES;
				CLANG_WARN_RANGE_LOOP_ANALYSIS = YES;
				CLANG_WARN_STRICT_PROTOTYPES = YES;
				CLANG_WARN_SUSPICIOUS_MOVE = YES;
				CLANG_WARN_UNGUARDED_AVAILABILITY = YES_AGGRESSIVE;
				CLANG_WARN_UNREACHABLE_CODE = YES;
				CLANG_WARN__DUPLICATE_METHOD_MATCH = YES;
				COPY_PHASE_STRIP = NO;
				DEBUG_INFORMATION_FORMAT = dwarf;
				ENABLE_STRICT_OBJC_MSGSEND = YES;
				ENABLE_TESTABILITY = YES;
				ENABLE_USER_SCRIPT_SANDBOXING = YES;
				GCC_C_LANGUAGE_STANDARD = gnu17;
				GCC_DYNAMIC_NO_PIC = NO;
				GCC_NO_COMMON_BLOCKS = YES;
				GCC_OPTIMIZATION_LEVEL = 0;
				GCC_PREPROCESSOR_DEFINITIONS = (
					"DEBUG=1",
					"$(inherited)",
				);
				GCC_WARN_64_TO_32_BIT_CONVERSION = YES;
				GCC_WARN_ABOUT_RETURN_TYPE = YES_ERROR;
				GCC_WARN_UNDECLARED_SELECTOR = YES;
				GCC_WARN_UNINITIALIZED_AUTOS = YES_AGGRESSIVE;
				GCC_WARN_UNUSED_FUNCTION = YES;
				GCC_WARN_UNUSED_VARIABLE = YES;
				IPHONEOS_DEPLOYMENT_TARGET = 17.0;
				LOCALIZATION_PREFERS_STRING_CATALOGS = YES;
				MTL_ENABLE_DEBUG_INFO = INCLUDE_SOURCE;
				MTL_FAST_MATH = YES;
				ONLY_ACTIVE_ARCH = YES;
				SDKROOT = iphoneos;
				SWIFT_ACTIVE_COMPILATION_CONDITIONS = "DEBUG $(inherited)";
				SWIFT_OPTIMIZATION_LEVEL = "-Onone";
			};
			name = Debug;
		};
		D6C64CB32C25D2AD009FBDCA /* Release */ = {
			isa = XCBuildConfiguration;
			buildSettings = {
				ALWAYS_SEARCH_USER_PATHS = NO;
				ASSETCATALOG_COMPILER_GENERATE_SWIFT_ASSET_SYMBOL_EXTENSIONS = YES;
				CLANG_ANALYZER_NONNULL = YES;
				CLANG_ANALYZER_NUMBER_OBJECT_CONVERSION = YES_AGGRESSIVE;
				CLANG_CXX_LANGUAGE_STANDARD = "gnu++20";
				CLANG_ENABLE_MODULES = YES;
				CLANG_ENABLE_OBJC_ARC = YES;
				CLANG_ENABLE_OBJC_WEAK = YES;
				CLANG_WARN_BLOCK_CAPTURE_AUTORELEASING = YES;
				CLANG_WARN_BOOL_CONVERSION = YES;
				CLANG_WARN_COMMA = YES;
				CLANG_WARN_CONSTANT_CONVERSION = YES;
				CLANG_WARN_DEPRECATED_OBJC_IMPLEMENTATIONS = YES;
				CLANG_WARN_DIRECT_OBJC_ISA_USAGE = YES_ERROR;
				CLANG_WARN_DOCUMENTATION_COMMENTS = YES;
				CLANG_WARN_EMPTY_BODY = YES;
				CLANG_WARN_ENUM_CONVERSION = YES;
				CLANG_WARN_INFINITE_RECURSION = YES;
				CLANG_WARN_INT_CONVERSION = YES;
				CLANG_WARN_NON_LITERAL_NULL_CONVERSION = YES;
				CLANG_WARN_OBJC_IMPLICIT_RETAIN_SELF = YES;
				CLANG_WARN_OBJC_LITERAL_CONVERSION = YES;
				CLANG_WARN_OBJC_ROOT_CLASS = YES_ERROR;
				CLANG_WARN_QUOTED_INCLUDE_IN_FRAMEWORK_HEADER = YES;
				CLANG_WARN_RANGE_LOOP_ANALYSIS = YES;
				CLANG_WARN_STRICT_PROTOTYPES = YES;
				CLANG_WARN_SUSPICIOUS_MOVE = YES;
				CLANG_WARN_UNGUARDED_AVAILABILITY = YES_AGGRESSIVE;
				CLANG_WARN_UNREACHABLE_CODE = YES;
				CLANG_WARN__DUPLICATE_METHOD_MATCH = YES;
				COPY_PHASE_STRIP = NO;
				DEBUG_INFORMATION_FORMAT = "dwarf-with-dsym";
				ENABLE_NS_ASSERTIONS = NO;
				ENABLE_STRICT_OBJC_MSGSEND = YES;
				ENABLE_USER_SCRIPT_SANDBOXING = YES;
				GCC_C_LANGUAGE_STANDARD = gnu17;
				GCC_NO_COMMON_BLOCKS = YES;
				GCC_WARN_64_TO_32_BIT_CONVERSION = YES;
				GCC_WARN_ABOUT_RETURN_TYPE = YES_ERROR;
				GCC_WARN_UNDECLARED_SELECTOR = YES;
				GCC_WARN_UNINITIALIZED_AUTOS = YES_AGGRESSIVE;
				GCC_WARN_UNUSED_FUNCTION = YES;
				GCC_WARN_UNUSED_VARIABLE = YES;
				IPHONEOS_DEPLOYMENT_TARGET = 17.0;
				LOCALIZATION_PREFERS_STRING_CATALOGS = YES;
				MTL_ENABLE_DEBUG_INFO = NO;
				MTL_FAST_MATH = YES;
				SDKROOT = iphoneos;
				SWIFT_COMPILATION_MODE = wholemodule;
				VALIDATE_PRODUCT = YES;
			};
			name = Release;
		};
		D6C64CB52C25D2AD009FBDCA /* Debug */ = {
			isa = XCBuildConfiguration;
			buildSettings = {
				ASSETCATALOG_COMPILER_APPICON_NAME = AppIcon;
				ASSETCATALOG_COMPILER_GLOBAL_ACCENT_COLOR_NAME = AccentColor;
				CODE_SIGN_STYLE = Automatic;
				CURRENT_PROJECT_VERSION = 1;
				DEVELOPMENT_ASSET_PATHS = "\"SygicCaseStudy/Preview Content\"";
				DEVELOPMENT_TEAM = G98QS5K22V;
				ENABLE_PREVIEWS = YES;
				GENERATE_INFOPLIST_FILE = YES;
				INFOPLIST_FILE = SygicCaseStudy/Info.plist;
				INFOPLIST_KEY_UIApplicationSceneManifest_Generation = YES;
				INFOPLIST_KEY_UIApplicationSupportsIndirectInputEvents = YES;
				INFOPLIST_KEY_UILaunchScreen_Generation = YES;
				INFOPLIST_KEY_UISupportedInterfaceOrientations_iPad = "UIInterfaceOrientationPortrait UIInterfaceOrientationPortraitUpsideDown UIInterfaceOrientationLandscapeLeft UIInterfaceOrientationLandscapeRight";
				INFOPLIST_KEY_UISupportedInterfaceOrientations_iPhone = "UIInterfaceOrientationPortrait UIInterfaceOrientationLandscapeLeft UIInterfaceOrientationLandscapeRight";
				IPHONEOS_DEPLOYMENT_TARGET = 16.0;
				LD_RUNPATH_SEARCH_PATHS = (
					"$(inherited)",
					"@executable_path/Frameworks",
				);
				MARKETING_VERSION = 1.0;
				PRODUCT_BUNDLE_IDENTIFIER = com.janmatoniak.SygicCaseStudy;
				PRODUCT_NAME = "$(TARGET_NAME)";
				SWIFT_EMIT_LOC_STRINGS = YES;
				SWIFT_VERSION = 5.0;
				TARGETED_DEVICE_FAMILY = "1,2";
			};
			name = Debug;
		};
		D6C64CB62C25D2AD009FBDCA /* Release */ = {
			isa = XCBuildConfiguration;
			buildSettings = {
				ASSETCATALOG_COMPILER_APPICON_NAME = AppIcon;
				ASSETCATALOG_COMPILER_GLOBAL_ACCENT_COLOR_NAME = AccentColor;
				CODE_SIGN_STYLE = Automatic;
				CURRENT_PROJECT_VERSION = 1;
				DEVELOPMENT_ASSET_PATHS = "\"SygicCaseStudy/Preview Content\"";
				DEVELOPMENT_TEAM = G98QS5K22V;
				ENABLE_PREVIEWS = YES;
				GENERATE_INFOPLIST_FILE = YES;
				INFOPLIST_FILE = SygicCaseStudy/Info.plist;
				INFOPLIST_KEY_UIApplicationSceneManifest_Generation = YES;
				INFOPLIST_KEY_UIApplicationSupportsIndirectInputEvents = YES;
				INFOPLIST_KEY_UILaunchScreen_Generation = YES;
				INFOPLIST_KEY_UISupportedInterfaceOrientations_iPad = "UIInterfaceOrientationPortrait UIInterfaceOrientationPortraitUpsideDown UIInterfaceOrientationLandscapeLeft UIInterfaceOrientationLandscapeRight";
				INFOPLIST_KEY_UISupportedInterfaceOrientations_iPhone = "UIInterfaceOrientationPortrait UIInterfaceOrientationLandscapeLeft UIInterfaceOrientationLandscapeRight";
				IPHONEOS_DEPLOYMENT_TARGET = 16.0;
				LD_RUNPATH_SEARCH_PATHS = (
					"$(inherited)",
					"@executable_path/Frameworks",
				);
				MARKETING_VERSION = 1.0;
				PRODUCT_BUNDLE_IDENTIFIER = com.janmatoniak.SygicCaseStudy;
				PRODUCT_NAME = "$(TARGET_NAME)";
				SWIFT_EMIT_LOC_STRINGS = YES;
				SWIFT_VERSION = 5.0;
				TARGETED_DEVICE_FAMILY = "1,2";
			};
			name = Release;
		};
/* End XCBuildConfiguration section */

/* Begin XCConfigurationList section */
		D6C64CA12C25D2AB009FBDCA /* Build configuration list for PBXProject "SygicCaseStudy" */ = {
			isa = XCConfigurationList;
			buildConfigurations = (
				D6C64CB22C25D2AD009FBDCA /* Debug */,
				D6C64CB32C25D2AD009FBDCA /* Release */,
			);
			defaultConfigurationIsVisible = 0;
			defaultConfigurationName = Release;
		};
		D6C64CB42C25D2AD009FBDCA /* Build configuration list for PBXNativeTarget "SygicCaseStudy" */ = {
			isa = XCConfigurationList;
			buildConfigurations = (
				D6C64CB52C25D2AD009FBDCA /* Debug */,
				D6C64CB62C25D2AD009FBDCA /* Release */,
			);
			defaultConfigurationIsVisible = 0;
			defaultConfigurationName = Release;
		};
/* End XCConfigurationList section */

/* Begin XCRemoteSwiftPackageReference section */
		D6C64CB72C25D6F0009FBDCA /* XCRemoteSwiftPackageReference "GoogleSignIn-iOS" */ = {
			isa = XCRemoteSwiftPackageReference;
			repositoryURL = "https://github.com/google/GoogleSignIn-iOS";
			requirement = {
				kind = upToNextMajorVersion;
				minimumVersion = 7.1.0;
			};
		};
/* End XCRemoteSwiftPackageReference section */

/* Begin XCSwiftPackageProductDependency section */
		D6C64CB82C25D6F0009FBDCA /* GoogleSignIn */ = {
			isa = XCSwiftPackageProductDependency;
			package = D6C64CB72C25D6F0009FBDCA /* XCRemoteSwiftPackageReference "GoogleSignIn-iOS" */;
			productName = GoogleSignIn;
		};
		D6C64CBA2C25D6F0009FBDCA /* GoogleSignInSwift */ = {
			isa = XCSwiftPackageProductDependency;
			package = D6C64CB72C25D6F0009FBDCA /* XCRemoteSwiftPackageReference "GoogleSignIn-iOS" */;
			productName = GoogleSignInSwift;
		};
/* End XCSwiftPackageProductDependency section */
	};
	rootObject = D6C64C9E2C25D2AB009FBDCA /* Project object */;
}
